
Microsoft Visual Studio Solution File, Format Version 12.00
# Visual Studio Version 16
VisualStudioVersion = 16.0.31313.79
MinimumVisualStudioVersion = 10.0.40219.1
Project("{2150E333-8FDC-42A3-9474-1A3956D46DE8}") = "build", "build", "{F9C31A8C-82EF-4120-947F-8A444D83509C}"
	ProjectSection(SolutionItems) = preProject
		build\A.txt = build\A.txt
	EndProjectSection
EndProject
Project("{2150E333-8FDC-42A3-9474-1A3956D46DE8}") = "Solution Items", "Solution Items", "{F17F4372-A287-4F70-B9E2-1A79166B5F55}"
	ProjectSection(SolutionItems) = preProject
		.gitignore = .gitignore
		LICENSE = LICENSE
		README.md = README.md
	EndProjectSection
EndProject
Project("{2150E333-8FDC-42A3-9474-1A3956D46DE8}") = "deploy", "deploy", "{68B69E59-EF76-472D-984C-49BD8C036959}"
	ProjectSection(SolutionItems) = preProject
		deploy\A.txt = deploy\A.txt
	EndProjectSection
EndProject
Global
	GlobalSection(SolutionProperties) = preSolution
		HideSolutionNode = FALSE
	EndGlobalSection
	GlobalSection(ExtensibilityGlobals) = postSolution
		SolutionGuid = {6E90C2F0-E8FE-4B4E-8644-A12F2DEAA3F5}
	EndGlobalSection
EndGlobal
